<?xml version="1.0" encoding="utf-8"?>
<Project ToolsVersion="4.0" xmlns="http://schemas.microsoft.com/developer/msbuild/2003">
  <ItemGroup>
    <Filter Include="Source Files">
      <UniqueIdentifier>{4FC737F1-C7A5-4376-A066-2A32D752A2FF}</UniqueIdentifier>
      <Extensions>cpp;c;cc;cxx;def;odl;idl;hpj;bat;asm;asmx</Extensions>
    </Filter>
    <Filter Include="Header Files">
      <UniqueIdentifier>{93995380-89BD-4b04-88EB-625FBE52EBFB}</UniqueIdentifier>
      <Extensions>h;hh;hpp;hxx;hm;inl;inc;ipp;xsd</Extensions>
    </Filter>
    <Filter Include="Resource Files">
      <UniqueIdentifier>{67DA6AB6-F800-4c08-8B7A-83BB121AAD01}</UniqueIdentifier>
      <Extensions>rc;ico;cur;bmp;dlg;rc2;rct;bin;rgs;gif;jpg;jpeg;jpe;resx;tiff;tif;png;wav;mfcribbon-ms</Extensions>
    </Filter>
  </ItemGroup>
  <ItemGroup>
    <ClCompile Include="src\Game\game.cpp">
      <Filter>Source Files</Filter>
    </ClCompile>
  </ItemGroup>
  <ItemGroup>
    <ClInclude Include="src\arealGL\core\Buffers\Buffer.h">
      <Filter>Header Files</Filter>
    </ClInclude>
    <ClInclude Include="src\arealGL\core\Buffers\FrameBuffer.h">
      <Filter>Header Files</Filter>
    </ClInclude>
    <ClInclude Include="src\arealGL\core\Buffers\IndexBuffer.h">
      <Filter>Header Files</Filter>
    </ClInclude>
    <ClInclude Include="src\arealGL\core\Buffers\VertexArrayObject.h">
      <Filter>Header Files</Filter>
    </ClInclude>
    <ClInclude Include="src\arealGL\core\Buffers\VertexBuffer.h">
      <Filter>Header Files</Filter>
    </ClInclude>
    <ClInclude Include="src\arealGL\core\Entities\Camera.h">
      <Filter>Header Files</Filter>
    </ClInclude>
    <ClInclude Include="src\arealGL\core\Entities\Entity.h">
      <Filter>Header Files</Filter>
    </ClInclude>
    <ClInclude Include="src\arealGL\core\Entities\Light.h">
      <Filter>Header Files</Filter>
    </ClInclude>
    <ClInclude Include="src\arealGL\core\Entities\Renderable2D.h">
      <Filter>Header Files</Filter>
    </ClInclude>
    <ClInclude Include="src\arealGL\core\Entities\Renderable3D.h">
      <Filter>Header Files</Filter>
    </ClInclude>
    <ClInclude Include="src\arealGL\core\Entities\RenderableGUI.h">
      <Filter>Header Files</Filter>
    </ClInclude>
    <ClInclude Include="src\arealGL\core\IO\IO_Events.h">
      <Filter>Header Files</Filter>
    </ClInclude>
    <ClInclude Include="src\arealGL\core\IO\Keyboard.h">
      <Filter>Header Files</Filter>
    </ClInclude>
    <ClInclude Include="src\arealGL\core\IO\Mouse.h">
      <Filter>Header Files</Filter>
    </ClInclude>
    <ClInclude Include="src\arealGL\core\IO\Sound.h">
      <Filter>Header Files</Filter>
    </ClInclude>
    <ClInclude Include="src\arealGL\core\Misc\Color.h">
      <Filter>Header Files</Filter>
    </ClInclude>
    <ClInclude Include="src\arealGL\core\Misc\Loader.h">
      <Filter>Header Files</Filter>
    </ClInclude>
    <ClInclude Include="src\arealGL\core\Misc\Timer.h">
      <Filter>Header Files</Filter>
    </ClInclude>
    <ClInclude Include="src\arealGL\core\RenderData\Mesh.h">
      <Filter>Header Files</Filter>
    </ClInclude>
    <ClInclude Include="src\arealGL\core\RenderData\RenderQuad.h">
      <Filter>Header Files</Filter>
    </ClInclude>
    <ClInclude Include="src\arealGL\core\RenderData\Texture.h">
      <Filter>Header Files</Filter>
    </ClInclude>
    <ClInclude Include="src\arealGL\core\Renderers\BatchRenderer.h">
      <Filter>Header Files</Filter>
    </ClInclude>
    <ClInclude Include="src\arealGL\core\Renderers\Renderer.h">
      <Filter>Header Files</Filter>
    </ClInclude>
    <ClInclude Include="src\arealGL\core\Renderers\SimpleRenderer.h">
      <Filter>Header Files</Filter>
    </ClInclude>
    <ClInclude Include="src\arealGL\core\Shaders\BasicNoTexShader.h">
      <Filter>Header Files</Filter>
    </ClInclude>
    <ClInclude Include="src\arealGL\core\Shaders\BasicShader.h">
      <Filter>Header Files</Filter>
    </ClInclude>
    <ClInclude Include="src\arealGL\core\Shaders\FboShader.h">
      <Filter>Header Files</Filter>
    </ClInclude>
    <ClInclude Include="src\arealGL\core\Shaders\LightNoTexShader.h">
      <Filter>Header Files</Filter>
    </ClInclude>
    <ClInclude Include="src\arealGL\core\Shaders\LightShader.h">
      <Filter>Header Files</Filter>
    </ClInclude>
    <ClInclude Include="src\arealGL\core\Shaders\Shader.h">
      <Filter>Header Files</Filter>
    </ClInclude>
    <ClInclude Include="src\arealGL\core\Window\Window.h">
      <Filter>Header Files</Filter>
    </ClInclude>
    <ClInclude Include="src\arealGL\arealGL.h">
      <Filter>Header Files</Filter>
    </ClInclude>
    <ClInclude Include="src\arealGL\Config.h">
      <Filter>Header Files</Filter>
    </ClInclude>
    <ClInclude Include="src\arealGL\Types.h">
      <Filter>Header Files</Filter>
    </ClInclude>
    <ClInclude Include="src\arealGL\core\Math\Mat4.h">
      <Filter>Header Files</Filter>
    </ClInclude>
    <ClInclude Include="src\arealGL\core\Math\Math.h">
      <Filter>Header Files</Filter>
    </ClInclude>
    <ClInclude Include="src\arealGL\core\Math\Matrix_Transformation.h">
      <Filter>Header Files</Filter>
    </ClInclude>
    <ClInclude Include="src\arealGL\core\Math\Vec2.h">
      <Filter>Header Files</Filter>
    </ClInclude>
    <ClInclude Include="src\arealGL\core\Math\Vec3.h">
      <Filter>Header Files</Filter>
    </ClInclude>
    <ClInclude Include="src\arealGL\core\Math\Vec4.h">
      <Filter>Header Files</Filter>
    </ClInclude>
  </ItemGroup>
  <ItemGroup>
    <None Include="README.md" />
    <None Include="resources\Shaders\lightShader.vert" />
    <None Include="resources\Shaders\basicNoTexShader.frag" />
    <None Include="resources\Shaders\basicNoTexShader.vert" />
    <None Include="resources\Shaders\basicShader.frag" />
    <None Include="resources\Shaders\basicShader.vert" />
    <None Include="resources\Shaders\fboShader.frag" />
    <None Include="resources\Shaders\fboShader.vert" />
    <None Include="resources\Shaders\lightNoTexShader.frag" />
    <None Include="resources\Shaders\lightNoTexShader.vert" />
    <None Include="resources\Shaders\lightShader.frag" />
  </ItemGroup>
  <ItemGroup>
    <Text Include="LICENSE.txt" />
  </ItemGroup>
</Project>